
Microsoft Visual Studio Solution File, Format Version 12.00
# Visual Studio Version 16
VisualStudioVersion = 16.0.31129.286
MinimumVisualStudioVersion = 10.0.40219.1
Project("{FAE04EC0-301F-11D3-BF4B-00C04F79EFBC}") = "EmployeeWebAPIApplication", "EmployeeWebAPIApplication\EmployeeWebAPIApplication.csproj", "{8956E4E1-2D34-4636-AFC7-7BDA5B53A5F7}"
EndProject
Global
	GlobalSection(SolutionConfigurationPlatforms) = preSolution
		Debug|Any CPU = Debug|Any CPU
		Release|Any CPU = Release|Any CPU
	EndGlobalSection
	GlobalSection(ProjectConfigurationPlatforms) = postSolution
		{8956E4E1-2D34-4636-AFC7-7BDA5B53A5F7}.Debug|Any CPU.ActiveCfg = Debug|Any CPU
		{8956E4E1-2D34-4636-AFC7-7BDA5B53A5F7}.Debug|Any CPU.Build.0 = Debug|Any CPU
		{8956E4E1-2D34-4636-AFC7-7BDA5B53A5F7}.Release|Any CPU.ActiveCfg = Release|Any CPU
		{8956E4E1-2D34-4636-AFC7-7BDA5B53A5F7}.Release|Any CPU.Build.0 = Release|Any CPU
	EndGlobalSection
	GlobalSection(SolutionProperties) = preSolution
		HideSolutionNode = FALSE
	EndGlobalSection
	GlobalSection(ExtensibilityGlobals) = postSolution
		SolutionGuid = {1CCA5E6A-F7DE-496D-9B45-5C01DF95751D}
	EndGlobalSection
EndGlobal
